# This file was autogenerated by Stack.
# You should not edit this file by hand.
# For more information, please see the documentation at:
#   https://docs.haskellstack.org/en/stable/lock_files

packages:
- completed:
    hackage: beam-core-0.10.1.0@sha256:40abec08810f961e7b62d33f7ae92fac50513c6d47387cc6e1fb0c91ebe25d0e,5295
    pantry-tree:
      sha256: c56d0ac5021efa997c2ddfc95dd9f88e30ac1fea08eddd7922316cc2f050b38d
      size: 2705
  original:
    hackage: beam-core-0.10.1.0
- completed:
    hackage: beam-postgres-0.5.3.1@sha256:79d87b1a502ee55beba56527f56fb8e718b1cf6cf3aab13792b926f8ef36573b,4392
    pantry-tree:
      sha256: 0caba39342d27244ede6a5dee36085be961ad1a7234244616d7daa68dc3b287a
      size: 1693
  original:
    hackage: beam-postgres-0.5.3.1
- completed:
    hackage: beam-migrate-0.5.2.1@sha256:1ad12bcf5c6e092b9dd5f2a8c23f62dde07bb9e04198b0f59dc5fac855d18bf8,4924
    pantry-tree:
      sha256: cc5024fae77beeca8c7e24bc00f1e04474cfc23461b41d2cd10ddcce52f764ba
      size: 1721
  original:
    hackage: beam-migrate-0.5.2.1
- completed:
    hackage: squeal-postgresql-0.9.1.3@sha256:c5b4fe4a7d339983f43070ed70750bfdf91a9f0953d9f6f3d85c59b53df33cd2,5987
    pantry-tree:
      sha256: e68fec7e54bbd42e4738dac497d5a01a084f01381a827f214a22d2658c75b93e
      size: 5920
  original:
    hackage: squeal-postgresql-0.9.1.3
- completed:
    hackage: records-sop-0.1.1.1@sha256:e123c708d8410273325da56846c81e2b1c8a4a68b55d8fbb5c506c1c3cf04693,1506
    pantry-tree:
      sha256: 952ee0bbe1e6e2a423c4b35f9384685a7b2dc357923bfd5ee50b52dc19fa3b2d
      size: 364
  original:
    hackage: records-sop-0.1.1.1
- completed:
    hackage: selda-postgresql-0.1.8.2@sha256:54270759b5824f1ff5382d7c56c7e6b3800fd05180490f298a50af63271ef16e,1326
    pantry-tree:
      sha256: 50d568908421d9de7917bb176d76b9fa1c4f68a59418cde70923c05c85a8dab1
      size: 269
  original:
    hackage: selda-postgresql-0.1.8.2
- completed:
    hackage: selda-0.5.2.0@sha256:9685a946db19b75d2d3ca141a6f139457672abecd0bb963ab4d4ae01454fec86,2719
    pantry-tree:
      sha256: 787a6a35462d5ded8fc544f33c8f608748144d53208f010c50b14924c5304387
      size: 2314
  original:
    hackage: selda-0.5.2.0
- completed:
    hackage: selda-json-0.1.1.1@sha256:3abe81b0d30f89621c53ad7f711fdbc1010ecdb2c47652533966c82a7724ebc1,796
    pantry-tree:
      sha256: c50740b941fce1d46224d5a28c460b0df389b007b0fd1a0f4fe69983f0a4bc6f
      size: 127
  original:
    hackage: selda-json-0.1.1.1
- completed:
    hackage: generic-persistence-0.6.0@sha256:6ffb3fe9c1567cfb1ee81f966d29e4bc40574a97a407391f649deee3d60e4e0e,3269
    pantry-tree:
      sha256: f40892b293c98a5926b2ce12a025e00c4b85093b64cf09a54ae589f84ccef34f
      size: 1563
  original:
    hackage: generic-persistence-0.6.0
- completed:
    hackage: HDBC-postgresql-2.5.0.1@sha256:37bb911cd996d12c91fa711002877f32f91bcc488de76d85a05865c3af9dc580,3032
    pantry-tree:
      sha256: bb1e349a28844e59ed36e1a3963cd6946e57f5e39244a6d36397d6291d68a138
      size: 1611
  original:
    hackage: HDBC-postgresql-2.5.0.1
snapshots:
- completed:
    sha256: 23bb9bb355bfdb1635252e120a29b712f0d5e8a6c6a65c5ab5bd6692f46c438e
    size: 640457
    url: https://raw.githubusercontent.com/commercialhaskell/stackage-snapshots/master/lts/21/7.yaml
  original: lts-21.7
